{
  "name": "cassandra-migrate",
  "version": "0.2.0",
  "lockfileVersion": 1,
  "requires": true,
  "dependencies": {
    "dse-driver": {
      "version": "1.4.0",
      "resolved": "https://registry.npmjs.org/dse-driver/-/dse-driver-1.4.0.tgz",
      "integrity": "sha1-pZ29YG97XzaIqgUlRFZnoLuWxGI=",
      "requires": {
        "long": "2.4.0"
      }
    },
    "long": {
      "version": "2.4.0",
      "resolved": "https://registry.npmjs.org/long/-/long-2.4.0.tgz",
      "integrity": "sha1-n6GAux2VAM3CnEFWdmoZleH0Uk8="
    }
  }
}
